Microsoft Visual Studio Solution File, Format Version 12.00
# Visual Studio Version 16
VisualStudioVersion = 16.0.29911.84
MinimumVisualStudioVersion = 10.0.40219.1
Project("{9A19103F-16F7-4668-BE54-9A1E7A4F7556}") = "AuthorCheck", "AuthorCheck\AuthorCheck.csproj", "{3497F57E-28CF-4843-AFB1-17306BD582E3}"
EndProject
Project("{FAE04EC0-301F-11D3-BF4B-00C04F79EFBC}") = "SymbolTableLibrary", "SymbolTableLibrary\SymbolTableLibrary.csproj", "{98895FD7-F4DA-47AA-8611-E68018467084}"
EndProject
Global
	GlobalSection(SolutionConfigurationPlatforms) = preSolution
		Debug|Any CPU = Debug|Any CPU
		Release|Any CPU = Release|Any CPU
	EndGlobalSection
	GlobalSection(ProjectConfigurationPlatforms) = postSolution
		{3497F57E-28CF-4843-AFB1-17306BD582E3}.Debug|Any CPU.ActiveCfg = Debug|Any CPU
		{3497F57E-28CF-4843-AFB1-17306BD582E3}.Debug|Any CPU.Build.0 = Debug|Any CPU
		{3497F57E-28CF-4843-AFB1-17306BD582E3}.Release|Any CPU.ActiveCfg = Release|Any CPU
		{3497F57E-28CF-4843-AFB1-17306BD582E3}.Release|Any CPU.Build.0 = Release|Any CPU
		{98895FD7-F4DA-47AA-8611-E68018467084}.Debug|Any CPU.ActiveCfg = Debug|Any CPU
		{98895FD7-F4DA-47AA-8611-E68018467084}.Debug|Any CPU.Build.0 = Debug|Any CPU
		{98895FD7-F4DA-47AA-8611-E68018467084}.Release|Any CPU.ActiveCfg = Release|Any CPU
		{98895FD7-F4DA-47AA-8611-E68018467084}.Release|Any CPU.Build.0 = Release|Any CPU
	EndGlobalSection
	GlobalSection(SolutionProperties) = preSolution
		HideSolutionNode = FALSE
	EndGlobalSection
	GlobalSection(ExtensibilityGlobals) = postSolution
		SolutionGuid = {8A43B746-6D28-4496-B9E8-AB9B12F29060}
	EndGlobalSection
EndGlobal
