
Microsoft Visual Studio Solution File, Format Version 12.00
# Visual Studio Version 16
VisualStudioVersion = 16.0.29613.14
MinimumVisualStudioVersion = 10.0.40219.1
Project("{FAE04EC0-301F-11D3-BF4B-00C04F79EFBC}") = "CounterDriver", "CounterDriver.csproj", "{03D7E526-25F4-42DA-BC64-C1114BB9DAC2}"
EndProject
Project("{9A19103F-16F7-4668-BE54-9A1E7A4F7556}") = "CounterClass", "..\CounterClass\CounterClass.csproj", "{005290ED-E75A-444C-B7D9-CB403916539C}"
EndProject
Global
	GlobalSection(SolutionConfigurationPlatforms) = preSolution
		Debug|Any CPU = Debug|Any CPU
		Release|Any CPU = Release|Any CPU
	EndGlobalSection
	GlobalSection(ProjectConfigurationPlatforms) = postSolution
		{03D7E526-25F4-42DA-BC64-C1114BB9DAC2}.Debug|Any CPU.ActiveCfg = Debug|Any CPU
		{03D7E526-25F4-42DA-BC64-C1114BB9DAC2}.Debug|Any CPU.Build.0 = Debug|Any CPU
		{03D7E526-25F4-42DA-BC64-C1114BB9DAC2}.Release|Any CPU.ActiveCfg = Release|Any CPU
		{03D7E526-25F4-42DA-BC64-C1114BB9DAC2}.Release|Any CPU.Build.0 = Release|Any CPU
		{005290ED-E75A-444C-B7D9-CB403916539C}.Debug|Any CPU.ActiveCfg = Debug|Any CPU
		{005290ED-E75A-444C-B7D9-CB403916539C}.Debug|Any CPU.Build.0 = Debug|Any CPU
		{005290ED-E75A-444C-B7D9-CB403916539C}.Release|Any CPU.ActiveCfg = Release|Any CPU
		{005290ED-E75A-444C-B7D9-CB403916539C}.Release|Any CPU.Build.0 = Release|Any CPU
	EndGlobalSection
	GlobalSection(SolutionProperties) = preSolution
		HideSolutionNode = FALSE
	EndGlobalSection
	GlobalSection(ExtensibilityGlobals) = postSolution
		SolutionGuid = {4B30EC98-CFF7-4D9E-B3F2-A7624A0A502D}
	EndGlobalSection
EndGlobal
