
Microsoft Visual Studio Solution File, Format Version 12.00
# Visual Studio Version 16
VisualStudioVersion = 16.0.29613.14
MinimumVisualStudioVersion = 10.0.40219.1
Project("{FAE04EC0-301F-11D3-BF4B-00C04F79EFBC}") = "Queues", "Queues.csproj", "{51659FAD-E946-4470-BCAC-B9272A049325}"
EndProject
Project("{FAE04EC0-301F-11D3-BF4B-00C04F79EFBC}") = "Queue", "..\Queue\Queue.csproj", "{0D0D1F2D-B3BE-42F6-8FC3-E8D79AE6D753}"
EndProject
Global
	GlobalSection(SolutionConfigurationPlatforms) = preSolution
		Debug|Any CPU = Debug|Any CPU
		Release|Any CPU = Release|Any CPU
	EndGlobalSection
	GlobalSection(ProjectConfigurationPlatforms) = postSolution
		{51659FAD-E946-4470-BCAC-B9272A049325}.Debug|Any CPU.ActiveCfg = Debug|Any CPU
		{51659FAD-E946-4470-BCAC-B9272A049325}.Debug|Any CPU.Build.0 = Debug|Any CPU
		{51659FAD-E946-4470-BCAC-B9272A049325}.Release|Any CPU.ActiveCfg = Release|Any CPU
		{51659FAD-E946-4470-BCAC-B9272A049325}.Release|Any CPU.Build.0 = Release|Any CPU
		{0D0D1F2D-B3BE-42F6-8FC3-E8D79AE6D753}.Debug|Any CPU.ActiveCfg = Debug|Any CPU
		{0D0D1F2D-B3BE-42F6-8FC3-E8D79AE6D753}.Debug|Any CPU.Build.0 = Debug|Any CPU
		{0D0D1F2D-B3BE-42F6-8FC3-E8D79AE6D753}.Release|Any CPU.ActiveCfg = Release|Any CPU
		{0D0D1F2D-B3BE-42F6-8FC3-E8D79AE6D753}.Release|Any CPU.Build.0 = Release|Any CPU
	EndGlobalSection
	GlobalSection(SolutionProperties) = preSolution
		HideSolutionNode = FALSE
	EndGlobalSection
	GlobalSection(ExtensibilityGlobals) = postSolution
		SolutionGuid = {C1C360C1-61C2-4F38-8604-054DD8B1A914}
	EndGlobalSection
EndGlobal
