
Microsoft Visual Studio Solution File, Format Version 12.00
# Visual Studio Version 16
VisualStudioVersion = 16.0.29613.14
MinimumVisualStudioVersion = 10.0.40219.1
Project("{FAE04EC0-301F-11D3-BF4B-00C04F79EFBC}") = "CircleProgram", "CircleProgram.csproj", "{72339626-FEBE-4E06-BB0C-DD4DF0CBBC06}"
EndProject
Project("{9A19103F-16F7-4668-BE54-9A1E7A4F7556}") = "CircleLibrary", "..\CircleLibrary\CircleLibrary.csproj", "{2514F3B6-5629-41CA-BF84-60CA4DBFEC3A}"
EndProject
Global
	GlobalSection(SolutionConfigurationPlatforms) = preSolution
		Debug|Any CPU = Debug|Any CPU
		Release|Any CPU = Release|Any CPU
	EndGlobalSection
	GlobalSection(ProjectConfigurationPlatforms) = postSolution
		{72339626-FEBE-4E06-BB0C-DD4DF0CBBC06}.Debug|Any CPU.ActiveCfg = Debug|Any CPU
		{72339626-FEBE-4E06-BB0C-DD4DF0CBBC06}.Debug|Any CPU.Build.0 = Debug|Any CPU
		{72339626-FEBE-4E06-BB0C-DD4DF0CBBC06}.Release|Any CPU.ActiveCfg = Release|Any CPU
		{72339626-FEBE-4E06-BB0C-DD4DF0CBBC06}.Release|Any CPU.Build.0 = Release|Any CPU
		{2514F3B6-5629-41CA-BF84-60CA4DBFEC3A}.Debug|Any CPU.ActiveCfg = Debug|Any CPU
		{2514F3B6-5629-41CA-BF84-60CA4DBFEC3A}.Debug|Any CPU.Build.0 = Debug|Any CPU
		{2514F3B6-5629-41CA-BF84-60CA4DBFEC3A}.Release|Any CPU.ActiveCfg = Release|Any CPU
		{2514F3B6-5629-41CA-BF84-60CA4DBFEC3A}.Release|Any CPU.Build.0 = Release|Any CPU
	EndGlobalSection
	GlobalSection(SolutionProperties) = preSolution
		HideSolutionNode = FALSE
	EndGlobalSection
	GlobalSection(ExtensibilityGlobals) = postSolution
		SolutionGuid = {3668C931-7982-4EDB-8A4D-6D1D2F90C38E}
	EndGlobalSection
EndGlobal
